
Microsoft Visual Studio Solution File, Format Version 12.00
Project("{FAE04EC0-301F-11D3-BF4B-00C04F79EFBC}") = "learningSesh", "learningSesh\learningSesh.csproj", "{6225972E-69F2-44DB-A6CF-0B6B5CEE71E1}"
EndProject
Global
	GlobalSection(SolutionConfigurationPlatforms) = preSolution
		Debug|Any CPU = Debug|Any CPU
		Release|Any CPU = Release|Any CPU
	EndGlobalSection
	GlobalSection(ProjectConfigurationPlatforms) = postSolution
		{6225972E-69F2-44DB-A6CF-0B6B5CEE71E1}.Debug|Any CPU.ActiveCfg = Debug|Any CPU
		{6225972E-69F2-44DB-A6CF-0B6B5CEE71E1}.Debug|Any CPU.Build.0 = Debug|Any CPU
		{6225972E-69F2-44DB-A6CF-0B6B5CEE71E1}.Release|Any CPU.ActiveCfg = Release|Any CPU
		{6225972E-69F2-44DB-A6CF-0B6B5CEE71E1}.Release|Any CPU.Build.0 = Release|Any CPU
	EndGlobalSection
EndGlobal
